// !$*UTF8*$!
{
	archiveVersion = 1;
	classes = {
	};
	objectVersion = 46;
	objects = {

/* Begin PBXBuildFile section */
		102048E51356430F00F1CF43 /* UIKit.framework in Frameworks */ = {isa = PBXBuildFile; fileRef = 10E8049613452C86001F253F /* UIKit.framework */; };
		102048E61356430F00F1CF43 /* Foundation.framework in Frameworks */ = {isa = PBXBuildFile; fileRef = 10E8046B13452B73001F253F /* Foundation.framework */; };
		102048E71356430F00F1CF43 /* CoreGraphics.framework in Frameworks */ = {isa = PBXBuildFile; fileRef = 10E8047913452B73001F253F /* CoreGraphics.framework */; };
		102048ED1356430F00F1CF43 /* InfoPlist.strings in Resources */ = {isa = PBXBuildFile; fileRef = 102048EB1356430F00F1CF43 /* InfoPlist.strings */; };
		102048F01356430F00F1CF43 /* main.m in Sources */ = {isa = PBXBuildFile; fileRef = 102048EF1356430F00F1CF43 /* main.m */; };
		102048F31356430F00F1CF43 /* SKTableViewDataSourceAdvancedAppAppDelegate.m in Sources */ = {isa = PBXBuildFile; fileRef = 102048F21356430F00F1CF43 /* SKTableViewDataSourceAdvancedAppAppDelegate.m */; };
		102048F61356430F00F1CF43 /* MainWindow.xib in Resources */ = {isa = PBXBuildFile; fileRef = 102048F41356430F00F1CF43 /* MainWindow.xib */; };
		102048FB1356431700F1CF43 /* Dude.m in Sources */ = {isa = PBXBuildFile; fileRef = 108A6D9F13552CC100B9AAC4 /* Dude.m */; };
		102048FC1356432200F1CF43 /* SKTableViewDataSource.m in Sources */ = {isa = PBXBuildFile; fileRef = 10E8049213452C0B001F253F /* SKTableViewDataSource.m */; };
		102048FF1356435200F1CF43 /* SKAdvancedTestTableViewController.h in Headers */ = {isa = PBXBuildFile; fileRef = 102048FD1356435200F1CF43 /* SKAdvancedTestTableViewController.h */; };
		102049011356459400F1CF43 /* SKAdvancedTestTableViewController.m in Sources */ = {isa = PBXBuildFile; fileRef = 102048FE1356435200F1CF43 /* SKAdvancedTestTableViewController.m */; };
		108A6D861355264800B9AAC4 /* UIKit.framework in Frameworks */ = {isa = PBXBuildFile; fileRef = 10E8049613452C86001F253F /* UIKit.framework */; };
		108A6D871355264800B9AAC4 /* Foundation.framework in Frameworks */ = {isa = PBXBuildFile; fileRef = 10E8046B13452B73001F253F /* Foundation.framework */; };
		108A6D881355264800B9AAC4 /* CoreGraphics.framework in Frameworks */ = {isa = PBXBuildFile; fileRef = 10E8047913452B73001F253F /* CoreGraphics.framework */; };
		108A6D8E1355264800B9AAC4 /* InfoPlist.strings in Resources */ = {isa = PBXBuildFile; fileRef = 108A6D8C1355264800B9AAC4 /* InfoPlist.strings */; };
		108A6D911355264800B9AAC4 /* main.m in Sources */ = {isa = PBXBuildFile; fileRef = 108A6D901355264800B9AAC4 /* main.m */; };
		108A6D941355264800B9AAC4 /* SKTableViewDataSourceAppAppDelegate.m in Sources */ = {isa = PBXBuildFile; fileRef = 108A6D931355264800B9AAC4 /* SKTableViewDataSourceAppAppDelegate.m */; };
		108A6D971355264800B9AAC4 /* MainWindow.xib in Resources */ = {isa = PBXBuildFile; fileRef = 108A6D951355264800B9AAC4 /* MainWindow.xib */; };
		108A6D9C1355266800B9AAC4 /* SKTableViewDataSource.m in Sources */ = {isa = PBXBuildFile; fileRef = 10E8049213452C0B001F253F /* SKTableViewDataSource.m */; };
		108A6DA013552CC100B9AAC4 /* Dude.h in Headers */ = {isa = PBXBuildFile; fileRef = 108A6D9E13552CC100B9AAC4 /* Dude.h */; };
		108A6DA213552CC100B9AAC4 /* Dude.m in Sources */ = {isa = PBXBuildFile; fileRef = 108A6D9F13552CC100B9AAC4 /* Dude.m */; };
		108A6DA313552CC100B9AAC4 /* Dude.m in Sources */ = {isa = PBXBuildFile; fileRef = 108A6D9F13552CC100B9AAC4 /* Dude.m */; };
		10A04D081355E4CD00EEC9D3 /* SKTestTableViewController.m in Sources */ = {isa = PBXBuildFile; fileRef = 10A04D071355E4CD00EEC9D3 /* SKTestTableViewController.m */; };
		10E8046C13452B73001F253F /* Foundation.framework in Frameworks */ = {isa = PBXBuildFile; fileRef = 10E8046B13452B73001F253F /* Foundation.framework */; };
		10E8047713452B73001F253F /* UIKit.framework in Frameworks */ = {isa = PBXBuildFile; fileRef = 10E8047613452B73001F253F /* UIKit.framework */; };
		10E8047813452B73001F253F /* Foundation.framework in Frameworks */ = {isa = PBXBuildFile; fileRef = 10E8046B13452B73001F253F /* Foundation.framework */; };
		10E8047A13452B73001F253F /* CoreGraphics.framework in Frameworks */ = {isa = PBXBuildFile; fileRef = 10E8047913452B73001F253F /* CoreGraphics.framework */; };
		10E8047D13452B73001F253F /* libSKTableViewDataSource.a in Frameworks */ = {isa = PBXBuildFile; fileRef = 10E8046813452B73001F253F /* libSKTableViewDataSource.a */; };
		10E8048313452B73001F253F /* InfoPlist.strings in Resources */ = {isa = PBXBuildFile; fileRef = 10E8048113452B73001F253F /* InfoPlist.strings */; };
		10E8048613452B73001F253F /* SKTableViewDataSourceTests.h in Resources */ = {isa = PBXBuildFile; fileRef = 10E8048513452B73001F253F /* SKTableViewDataSourceTests.h */; };
		10E8048813452B73001F253F /* SKTableViewDataSourceTests.m in Sources */ = {isa = PBXBuildFile; fileRef = 10E8048713452B73001F253F /* SKTableViewDataSourceTests.m */; };
		10E8049313452C0B001F253F /* SKTableViewDataSource.h in Headers */ = {isa = PBXBuildFile; fileRef = 10E8049113452C0B001F253F /* SKTableViewDataSource.h */; };
		10E8049413452C0B001F253F /* SKTableViewDataSource.m in Sources */ = {isa = PBXBuildFile; fileRef = 10E8049213452C0B001F253F /* SKTableViewDataSource.m */; };
		10E8049513452C0B001F253F /* SKTableViewDataSource.m in Sources */ = {isa = PBXBuildFile; fileRef = 10E8049213452C0B001F253F /* SKTableViewDataSource.m */; };
		10E8049713452C86001F253F /* UIKit.framework in Frameworks */ = {isa = PBXBuildFile; fileRef = 10E8049613452C86001F253F /* UIKit.framework */; };
/* End PBXBuildFile section */

/* Begin PBXContainerItemProxy section */
		10E8047B13452B73001F253F /* PBXContainerItemProxy */ = {
			isa = PBXContainerItemProxy;
			containerPortal = 10E8045F13452B73001F253F /* Project object */;
			proxyType = 1;
			remoteGlobalIDString = 10E8046713452B73001F253F;
			remoteInfo = SKTableViewDataSource;
		};
/* End PBXContainerItemProxy section */

/* Begin PBXFileReference section */
		102048E31356430F00F1CF43 /* SKTableViewDataSourceAdvancedApp.app */ = {isa = PBXFileReference; explicitFileType = wrapper.application; includeInIndex = 0; path = SKTableViewDataSourceAdvancedApp.app; sourceTree = BUILT_PRODUCTS_DIR; };
		102048EA1356430F00F1CF43 /* SKTableViewDataSourceAdvancedApp-Info.plist */ = {isa = PBXFileReference; lastKnownFileType = text.plist.xml; path = "SKTableViewDataSourceAdvancedApp-Info.plist"; sourceTree = "<group>"; };
		102048EC1356430F00F1CF43 /* en */ = {isa = PBXFileReference; lastKnownFileType = text.plist.strings; name = en; path = en.lproj/InfoPlist.strings; sourceTree = "<group>"; };
		102048EE1356430F00F1CF43 /* SKTableViewDataSourceAdvancedApp-Prefix.pch */ = {isa = PBXFileReference; lastKnownFileType = sourcecode.c.h; path = "SKTableViewDataSourceAdvancedApp-Prefix.pch"; sourceTree = "<group>"; };
		102048EF1356430F00F1CF43 /* main.m */ = {isa = PBXFileReference; lastKnownFileType = sourcecode.c.objc; path = main.m; sourceTree = "<group>"; };
		102048F11356430F00F1CF43 /* SKTableViewDataSourceAdvancedAppAppDelegate.h */ = {isa = PBXFileReference; lastKnownFileType = sourcecode.c.h; path = SKTableViewDataSourceAdvancedAppAppDelegate.h; sourceTree = "<group>"; };
		102048F21356430F00F1CF43 /* SKTableViewDataSourceAdvancedAppAppDelegate.m */ = {isa = PBXFileReference; lastKnownFileType = sourcecode.c.objc; path = SKTableViewDataSourceAdvancedAppAppDelegate.m; sourceTree = "<group>"; };
		102048F51356430F00F1CF43 /* en */ = {isa = PBXFileReference; lastKnownFileType = file.xib; name = en; path = en.lproj/MainWindow.xib; sourceTree = "<group>"; };
		102048FD1356435200F1CF43 /* SKAdvancedTestTableViewController.h */ = {isa = PBXFileReference; fileEncoding = 4; lastKnownFileType = sourcecode.c.h; path = SKAdvancedTestTableViewController.h; sourceTree = "<group>"; };
		102048FE1356435200F1CF43 /* SKAdvancedTestTableViewController.m */ = {isa = PBXFileReference; fileEncoding = 4; lastKnownFileType = sourcecode.c.objc; path = SKAdvancedTestTableViewController.m; sourceTree = "<group>"; };
		10204903135671FB00F1CF43 /* README.textile */ = {isa = PBXFileReference; fileEncoding = 4; path = README.textile; sourceTree = "<group>"; };
		108A6D841355264700B9AAC4 /* SKTableViewDataSourceApp.app */ = {isa = PBXFileReference; explicitFileType = wrapper.application; includeInIndex = 0; path = SKTableViewDataSourceApp.app; sourceTree = BUILT_PRODUCTS_DIR; };
		108A6D8B1355264800B9AAC4 /* SKTableViewDataSourceApp-Info.plist */ = {isa = PBXFileReference; lastKnownFileType = text.plist.xml; path = "SKTableViewDataSourceApp-Info.plist"; sourceTree = "<group>"; };
		108A6D8D1355264800B9AAC4 /* en */ = {isa = PBXFileReference; lastKnownFileType = text.plist.strings; name = en; path = en.lproj/InfoPlist.strings; sourceTree = "<group>"; };
		108A6D8F1355264800B9AAC4 /* SKTableViewDataSourceApp-Prefix.pch */ = {isa = PBXFileReference; lastKnownFileType = sourcecode.c.h; path = "SKTableViewDataSourceApp-Prefix.pch"; sourceTree = "<group>"; };
		108A6D901355264800B9AAC4 /* main.m */ = {isa = PBXFileReference; lastKnownFileType = sourcecode.c.objc; path = main.m; sourceTree = "<group>"; };
		108A6D921355264800B9AAC4 /* SKTableViewDataSourceAppAppDelegate.h */ = {isa = PBXFileReference; lastKnownFileType = sourcecode.c.h; path = SKTableViewDataSourceAppAppDelegate.h; sourceTree = "<group>"; };
		108A6D931355264800B9AAC4 /* SKTableViewDataSourceAppAppDelegate.m */ = {isa = PBXFileReference; lastKnownFileType = sourcecode.c.objc; path = SKTableViewDataSourceAppAppDelegate.m; sourceTree = "<group>"; };
		108A6D961355264800B9AAC4 /* en */ = {isa = PBXFileReference; lastKnownFileType = file.xib; name = en; path = en.lproj/MainWindow.xib; sourceTree = "<group>"; };
		108A6D9E13552CC100B9AAC4 /* Dude.h */ = {isa = PBXFileReference; fileEncoding = 4; lastKnownFileType = sourcecode.c.h; path = Dude.h; sourceTree = "<group>"; };
		108A6D9F13552CC100B9AAC4 /* Dude.m */ = {isa = PBXFileReference; fileEncoding = 4; lastKnownFileType = sourcecode.c.objc; path = Dude.m; sourceTree = "<group>"; };
		10A04D061355E4CD00EEC9D3 /* SKTestTableViewController.h */ = {isa = PBXFileReference; fileEncoding = 4; lastKnownFileType = sourcecode.c.h; path = SKTestTableViewController.h; sourceTree = "<group>"; };
		10A04D071355E4CD00EEC9D3 /* SKTestTableViewController.m */ = {isa = PBXFileReference; fileEncoding = 4; lastKnownFileType = sourcecode.c.objc; path = SKTestTableViewController.m; sourceTree = "<group>"; };
		10E8046813452B73001F253F /* libSKTableViewDataSource.a */ = {isa = PBXFileReference; explicitFileType = archive.ar; includeInIndex = 0; path = libSKTableViewDataSource.a; sourceTree = BUILT_PRODUCTS_DIR; };
		10E8046B13452B73001F253F /* Foundation.framework */ = {isa = PBXFileReference; lastKnownFileType = wrapper.framework; name = Foundation.framework; path = System/Library/Frameworks/Foundation.framework; sourceTree = SDKROOT; };
		10E8046F13452B73001F253F /* SKTableViewDataSource-Prefix.pch */ = {isa = PBXFileReference; lastKnownFileType = sourcecode.c.h; path = "SKTableViewDataSource-Prefix.pch"; sourceTree = "<group>"; };
		10E8047513452B73001F253F /* SKTableViewDataSourceTests.octest */ = {isa = PBXFileReference; explicitFileType = wrapper.cfbundle; includeInIndex = 0; path = SKTableViewDataSourceTests.octest; sourceTree = BUILT_PRODUCTS_DIR; };
		10E8047613452B73001F253F /* UIKit.framework */ = {isa = PBXFileReference; lastKnownFileType = wrapper.framework; name = UIKit.framework; path = System/Library/Frameworks/UIKit.framework; sourceTree = SDKROOT; };
		10E8047913452B73001F253F /* CoreGraphics.framework */ = {isa = PBXFileReference; lastKnownFileType = wrapper.framework; name = CoreGraphics.framework; path = System/Library/Frameworks/CoreGraphics.framework; sourceTree = SDKROOT; };
		10E8048013452B73001F253F /* SKTableViewDataSourceTests-Info.plist */ = {isa = PBXFileReference; lastKnownFileType = text.plist.xml; path = "SKTableViewDataSourceTests-Info.plist"; sourceTree = "<group>"; };
		10E8048213452B73001F253F /* en */ = {isa = PBXFileReference; lastKnownFileType = text.plist.strings; name = en; path = en.lproj/InfoPlist.strings; sourceTree = "<group>"; };
		10E8048413452B73001F253F /* SKTableViewDataSourceTests-Prefix.pch */ = {isa = PBXFileReference; lastKnownFileType = sourcecode.c.h; path = "SKTableViewDataSourceTests-Prefix.pch"; sourceTree = "<group>"; };
		10E8048513452B73001F253F /* SKTableViewDataSourceTests.h */ = {isa = PBXFileReference; lastKnownFileType = sourcecode.c.h; path = SKTableViewDataSourceTests.h; sourceTree = "<group>"; };
		10E8048713452B73001F253F /* SKTableViewDataSourceTests.m */ = {isa = PBXFileReference; lastKnownFileType = sourcecode.c.objc; path = SKTableViewDataSourceTests.m; sourceTree = "<group>"; };
		10E8049113452C0B001F253F /* SKTableViewDataSource.h */ = {isa = PBXFileReference; fileEncoding = 4; lastKnownFileType = sourcecode.c.h; path = SKTableViewDataSource.h; sourceTree = "<group>"; };
		10E8049213452C0B001F253F /* SKTableViewDataSource.m */ = {isa = PBXFileReference; fileEncoding = 4; lastKnownFileType = sourcecode.c.objc; path = SKTableViewDataSource.m; sourceTree = "<group>"; };
		10E8049613452C86001F253F /* UIKit.framework */ = {isa = PBXFileReference; lastKnownFileType = wrapper.framework; name = UIKit.framework; path = System/Library/Frameworks/UIKit.framework; sourceTree = SDKROOT; };
/* End PBXFileReference section */

/* Begin PBXFrameworksBuildPhase section */
		102048E01356430F00F1CF43 /* Frameworks */ = {
			isa = PBXFrameworksBuildPhase;
			buildActionMask = 2147483647;
			files = (
				102048E51356430F00F1CF43 /* UIKit.framework in Frameworks */,
				102048E61356430F00F1CF43 /* Foundation.framework in Frameworks */,
				102048E71356430F00F1CF43 /* CoreGraphics.framework in Frameworks */,
			);
			runOnlyForDeploymentPostprocessing = 0;
		};
		108A6D811355264700B9AAC4 /* Frameworks */ = {
			isa = PBXFrameworksBuildPhase;
			buildActionMask = 2147483647;
			files = (
				108A6D861355264800B9AAC4 /* UIKit.framework in Frameworks */,
				108A6D871355264800B9AAC4 /* Foundation.framework in Frameworks */,
				108A6D881355264800B9AAC4 /* CoreGraphics.framework in Frameworks */,
			);
			runOnlyForDeploymentPostprocessing = 0;
		};
		10E8046513452B73001F253F /* Frameworks */ = {
			isa = PBXFrameworksBuildPhase;
			buildActionMask = 2147483647;
			files = (
				10E8049713452C86001F253F /* UIKit.framework in Frameworks */,
				10E8046C13452B73001F253F /* Foundation.framework in Frameworks */,
			);
			runOnlyForDeploymentPostprocessing = 0;
		};
		10E8047113452B73001F253F /* Frameworks */ = {
			isa = PBXFrameworksBuildPhase;
			buildActionMask = 2147483647;
			files = (
				10E8047713452B73001F253F /* UIKit.framework in Frameworks */,
				10E8047813452B73001F253F /* Foundation.framework in Frameworks */,
				10E8047A13452B73001F253F /* CoreGraphics.framework in Frameworks */,
				10E8047D13452B73001F253F /* libSKTableViewDataSource.a in Frameworks */,
			);
			runOnlyForDeploymentPostprocessing = 0;
		};
/* End PBXFrameworksBuildPhase section */

/* Begin PBXGroup section */
		102048E81356430F00F1CF43 /* SKTableViewDataSourceAdvancedApp */ = {
			isa = PBXGroup;
			children = (
				102048F11356430F00F1CF43 /* SKTableViewDataSourceAdvancedAppAppDelegate.h */,
				102048F21356430F00F1CF43 /* SKTableViewDataSourceAdvancedAppAppDelegate.m */,
				102048F41356430F00F1CF43 /* MainWindow.xib */,
				102048E91356430F00F1CF43 /* Supporting Files */,
				102048FD1356435200F1CF43 /* SKAdvancedTestTableViewController.h */,
				102048FE1356435200F1CF43 /* SKAdvancedTestTableViewController.m */,
			);
			path = SKTableViewDataSourceAdvancedApp;
			sourceTree = "<group>";
		};
		102048E91356430F00F1CF43 /* Supporting Files */ = {
			isa = PBXGroup;
			children = (
				102048EA1356430F00F1CF43 /* SKTableViewDataSourceAdvancedApp-Info.plist */,
				102048EB1356430F00F1CF43 /* InfoPlist.strings */,
				102048EE1356430F00F1CF43 /* SKTableViewDataSourceAdvancedApp-Prefix.pch */,
				102048EF1356430F00F1CF43 /* main.m */,
			);
			name = "Supporting Files";
			sourceTree = "<group>";
		};
		10204902135671D200F1CF43 /* README */ = {
			isa = PBXGroup;
			children = (
				10204903135671FB00F1CF43 /* README.textile */,
			);
			name = README;
			sourceTree = "<group>";
		};
		108A6D891355264800B9AAC4 /* SKTableViewDataSourceApp */ = {
			isa = PBXGroup;
			children = (
				108A6D921355264800B9AAC4 /* SKTableViewDataSourceAppAppDelegate.h */,
				108A6D931355264800B9AAC4 /* SKTableViewDataSourceAppAppDelegate.m */,
				108A6D951355264800B9AAC4 /* MainWindow.xib */,
				108A6D8A1355264800B9AAC4 /* Supporting Files */,
				10A04D061355E4CD00EEC9D3 /* SKTestTableViewController.h */,
				10A04D071355E4CD00EEC9D3 /* SKTestTableViewController.m */,
			);
			path = SKTableViewDataSourceApp;
			sourceTree = "<group>";
		};
		108A6D8A1355264800B9AAC4 /* Supporting Files */ = {
			isa = PBXGroup;
			children = (
				108A6D8B1355264800B9AAC4 /* SKTableViewDataSourceApp-Info.plist */,
				108A6D8C1355264800B9AAC4 /* InfoPlist.strings */,
				108A6D8F1355264800B9AAC4 /* SKTableViewDataSourceApp-Prefix.pch */,
				108A6D901355264800B9AAC4 /* main.m */,
			);
			name = "Supporting Files";
			sourceTree = "<group>";
		};
		108A6D9D13552CA500B9AAC4 /* Dude Class */ = {
			isa = PBXGroup;
			children = (
				108A6D9E13552CC100B9AAC4 /* Dude.h */,
				108A6D9F13552CC100B9AAC4 /* Dude.m */,
			);
			name = "Dude Class";
			sourceTree = "<group>";
		};
		10E8045D13452B73001F253F = {
			isa = PBXGroup;
			children = (
				10204902135671D200F1CF43 /* README */,
				108A6D9D13552CA500B9AAC4 /* Dude Class */,
				10E8046D13452B73001F253F /* SKTableViewDataSource */,
				10E8047E13452B73001F253F /* SKTableViewDataSourceTests */,
				108A6D891355264800B9AAC4 /* SKTableViewDataSourceApp */,
				102048E81356430F00F1CF43 /* SKTableViewDataSourceAdvancedApp */,
				10E8046A13452B73001F253F /* Frameworks */,
				10E8046913452B73001F253F /* Products */,
			);
			sourceTree = "<group>";
		};
		10E8046913452B73001F253F /* Products */ = {
			isa = PBXGroup;
			children = (
				10E8046813452B73001F253F /* libSKTableViewDataSource.a */,
				10E8047513452B73001F253F /* SKTableViewDataSourceTests.octest */,
				108A6D841355264700B9AAC4 /* SKTableViewDataSourceApp.app */,
				102048E31356430F00F1CF43 /* SKTableViewDataSourceAdvancedApp.app */,
			);
			name = Products;
			sourceTree = "<group>";
		};
		10E8046A13452B73001F253F /* Frameworks */ = {
			isa = PBXGroup;
			children = (
				10E8049613452C86001F253F /* UIKit.framework */,
				10E8046B13452B73001F253F /* Foundation.framework */,
				10E8047613452B73001F253F /* UIKit.framework */,
				10E8047913452B73001F253F /* CoreGraphics.framework */,
			);
			name = Frameworks;
			sourceTree = "<group>";
		};
		10E8046D13452B73001F253F /* SKTableViewDataSource */ = {
			isa = PBXGroup;
			children = (
				10E8046E13452B73001F253F /* Supporting Files */,
				10E8049113452C0B001F253F /* SKTableViewDataSource.h */,
				10E8049213452C0B001F253F /* SKTableViewDataSource.m */,
			);
			path = SKTableViewDataSource;
			sourceTree = "<group>";
		};
		10E8046E13452B73001F253F /* Supporting Files */ = {
			isa = PBXGroup;
			children = (
				10E8046F13452B73001F253F /* SKTableViewDataSource-Prefix.pch */,
			);
			name = "Supporting Files";
			sourceTree = "<group>";
		};
		10E8047E13452B73001F253F /* SKTableViewDataSourceTests */ = {
			isa = PBXGroup;
			children = (
				10E8048513452B73001F253F /* SKTableViewDataSourceTests.h */,
				10E8048713452B73001F253F /* SKTableViewDataSourceTests.m */,
				10E8047F13452B73001F253F /* Supporting Files */,
			);
			path = SKTableViewDataSourceTests;
			sourceTree = "<group>";
		};
		10E8047F13452B73001F253F /* Supporting Files */ = {
			isa = PBXGroup;
			children = (
				10E8048013452B73001F253F /* SKTableViewDataSourceTests-Info.plist */,
				10E8048113452B73001F253F /* InfoPlist.strings */,
				10E8048413452B73001F253F /* SKTableViewDataSourceTests-Prefix.pch */,
			);
			name = "Supporting Files";
			sourceTree = "<group>";
		};
/* End PBXGroup section */

/* Begin PBXHeadersBuildPhase section */
		10E8046613452B73001F253F /* Headers */ = {
			isa = PBXHeadersBuildPhase;
			buildActionMask = 2147483647;
			files = (
				10E8049313452C0B001F253F /* SKTableViewDataSource.h in Headers */,
				108A6DA013552CC100B9AAC4 /* Dude.h in Headers */,
				102048FF1356435200F1CF43 /* SKAdvancedTestTableViewController.h in Headers */,
			);
			runOnlyForDeploymentPostprocessing = 0;
		};
/* End PBXHeadersBuildPhase section */

/* Begin PBXNativeTarget section */
		102048E21356430F00F1CF43 /* SKTableViewDataSourceAdvancedApp */ = {
			isa = PBXNativeTarget;
			buildConfigurationList = 102048F91356430F00F1CF43 /* Build configuration list for PBXNativeTarget "SKTableViewDataSourceAdvancedApp" */;
			buildPhases = (
				102048DF1356430F00F1CF43 /* Sources */,
				102048E01356430F00F1CF43 /* Frameworks */,
				102048E11356430F00F1CF43 /* Resources */,
			);
			buildRules = (
			);
			dependencies = (
			);
			name = SKTableViewDataSourceAdvancedApp;
			productName = SKTableViewDataSourceAdvancedApp;
			productReference = 102048E31356430F00F1CF43 /* SKTableViewDataSourceAdvancedApp.app */;
			productType = "com.apple.product-type.application";
		};
		108A6D831355264700B9AAC4 /* SKTableViewDataSourceApp */ = {
			isa = PBXNativeTarget;
			buildConfigurationList = 108A6D9A1355264800B9AAC4 /* Build configuration list for PBXNativeTarget "SKTableViewDataSourceApp" */;
			buildPhases = (
				108A6D801355264700B9AAC4 /* Sources */,
				108A6D811355264700B9AAC4 /* Frameworks */,
				108A6D821355264700B9AAC4 /* Resources */,
			);
			buildRules = (
			);
			dependencies = (
			);
			name = SKTableViewDataSourceApp;
			productName = SKTableViewDataSourceApp;
			productReference = 108A6D841355264700B9AAC4 /* SKTableViewDataSourceApp.app */;
			productType = "com.apple.product-type.application";
		};
		10E8046713452B73001F253F /* SKTableViewDataSource */ = {
			isa = PBXNativeTarget;
			buildConfigurationList = 10E8048B13452B73001F253F /* Build configuration list for PBXNativeTarget "SKTableViewDataSource" */;
			buildPhases = (
				10E8046413452B73001F253F /* Sources */,
				10E8046513452B73001F253F /* Frameworks */,
				10E8046613452B73001F253F /* Headers */,
			);
			buildRules = (
			);
			dependencies = (
			);
			name = SKTableViewDataSource;
			productName = SKTableViewDataSource;
			productReference = 10E8046813452B73001F253F /* libSKTableViewDataSource.a */;
			productType = "com.apple.product-type.library.static";
		};
		10E8047413452B73001F253F /* SKTableViewDataSourceTests */ = {
			isa = PBXNativeTarget;
			buildConfigurationList = 10E8048E13452B73001F253F /* Build configuration list for PBXNativeTarget "SKTableViewDataSourceTests" */;
			buildPhases = (
				10E8047013452B73001F253F /* Sources */,
				10E8047113452B73001F253F /* Frameworks */,
				10E8047213452B73001F253F /* Resources */,
				10E8047313452B73001F253F /* ShellScript */,
			);
			buildRules = (
			);
			dependencies = (
				10E8047C13452B73001F253F /* PBXTargetDependency */,
			);
			name = SKTableViewDataSourceTests;
			productName = SKTableViewDataSourceTests;
			productReference = 10E8047513452B73001F253F /* SKTableViewDataSourceTests.octest */;
			productType = "com.apple.product-type.bundle";
		};
/* End PBXNativeTarget section */

/* Begin PBXProject section */
		10E8045F13452B73001F253F /* Project object */ = {
			isa = PBXProject;
			attributes = {
				ORGANIZATIONNAME = "n-genius";
			};
			buildConfigurationList = 10E8046213452B73001F253F /* Build configuration list for PBXProject "SKTableViewDataSource" */;
			compatibilityVersion = "Xcode 3.2";
			developmentRegion = English;
			hasScannedForEncodings = 0;
			knownRegions = (
				en,
			);
			mainGroup = 10E8045D13452B73001F253F;
			productRefGroup = 10E8046913452B73001F253F /* Products */;
			projectDirPath = "";
			projectRoot = "";
			targets = (
				10E8046713452B73001F253F /* SKTableViewDataSource */,
				10E8047413452B73001F253F /* SKTableViewDataSourceTests */,
				108A6D831355264700B9AAC4 /* SKTableViewDataSourceApp */,
				102048E21356430F00F1CF43 /* SKTableViewDataSourceAdvancedApp */,
			);
		};
/* End PBXProject section */

/* Begin PBXResourcesBuildPhase section */
		102048E11356430F00F1CF43 /* Resources */ = {
			isa = PBXResourcesBuildPhase;
			buildActionMask = 2147483647;
			files = (
				102048ED1356430F00F1CF43 /* InfoPlist.strings in Resources */,
				102048F61356430F00F1CF43 /* MainWindow.xib in Resources */,
			);
			runOnlyForDeploymentPostprocessing = 0;
		};
		108A6D821355264700B9AAC4 /* Resources */ = {
			isa = PBXResourcesBuildPhase;
			buildActionMask = 2147483647;
			files = (
				108A6D8E1355264800B9AAC4 /* InfoPlist.strings in Resources */,
				108A6D971355264800B9AAC4 /* MainWindow.xib in Resources */,
			);
			runOnlyForDeploymentPostprocessing = 0;
		};
		10E8047213452B73001F253F /* Resources */ = {
			isa = PBXResourcesBuildPhase;
			buildActionMask = 2147483647;
			files = (
				10E8048313452B73001F253F /* InfoPlist.strings in Resources */,
				10E8048613452B73001F253F /* SKTableViewDataSourceTests.h in Resources */,
			);
			runOnlyForDeploymentPostprocessing = 0;
		};
/* End PBXResourcesBuildPhase section */

/* Begin PBXShellScriptBuildPhase section */
		10E8047313452B73001F253F /* ShellScript */ = {
			isa = PBXShellScriptBuildPhase;
			buildActionMask = 2147483647;
			files = (
			);
			inputPaths = (
			);
			outputPaths = (
			);
			runOnlyForDeploymentPostprocessing = 0;
			shellPath = /bin/sh;
			shellScript = "# Run the unit tests in this test bundle.\n\"${SYSTEM_DEVELOPER_DIR}/Tools/RunUnitTests\"\n";
		};
/* End PBXShellScriptBuildPhase section */

/* Begin PBXSourcesBuildPhase section */
		102048DF1356430F00F1CF43 /* Sources */ = {
			isa = PBXSourcesBuildPhase;
			buildActionMask = 2147483647;
			files = (
				102049011356459400F1CF43 /* SKAdvancedTestTableViewController.m in Sources */,
				102048FC1356432200F1CF43 /* SKTableViewDataSource.m in Sources */,
				102048FB1356431700F1CF43 /* Dude.m in Sources */,
				102048F01356430F00F1CF43 /* main.m in Sources */,
				102048F31356430F00F1CF43 /* SKTableViewDataSourceAdvancedAppAppDelegate.m in Sources */,
			);
			runOnlyForDeploymentPostprocessing = 0;
		};
		108A6D801355264700B9AAC4 /* Sources */ = {
			isa = PBXSourcesBuildPhase;
			buildActionMask = 2147483647;
			files = (
				108A6D9C1355266800B9AAC4 /* SKTableViewDataSource.m in Sources */,
				108A6D911355264800B9AAC4 /* main.m in Sources */,
				108A6D941355264800B9AAC4 /* SKTableViewDataSourceAppAppDelegate.m in Sources */,
				108A6DA313552CC100B9AAC4 /* Dude.m in Sources */,
				10A04D081355E4CD00EEC9D3 /* SKTestTableViewController.m in Sources */,
			);
			runOnlyForDeploymentPostprocessing = 0;
		};
		10E8046413452B73001F253F /* Sources */ = {
			isa = PBXSourcesBuildPhase;
			buildActionMask = 2147483647;
			files = (
				10E8049413452C0B001F253F /* SKTableViewDataSource.m in Sources */,
			);
			runOnlyForDeploymentPostprocessing = 0;
		};
		10E8047013452B73001F253F /* Sources */ = {
			isa = PBXSourcesBuildPhase;
			buildActionMask = 2147483647;
			files = (
				10E8048813452B73001F253F /* SKTableViewDataSourceTests.m in Sources */,
				10E8049513452C0B001F253F /* SKTableViewDataSource.m in Sources */,
				108A6DA213552CC100B9AAC4 /* Dude.m in Sources */,
			);
			runOnlyForDeploymentPostprocessing = 0;
		};
/* End PBXSourcesBuildPhase section */

/* Begin PBXTargetDependency section */
		10E8047C13452B73001F253F /* PBXTargetDependency */ = {
			isa = PBXTargetDependency;
			target = 10E8046713452B73001F253F /* SKTableViewDataSource */;
			targetProxy = 10E8047B13452B73001F253F /* PBXContainerItemProxy */;
		};
/* End PBXTargetDependency section */

/* Begin PBXVariantGroup section */
		102048EB1356430F00F1CF43 /* InfoPlist.strings */ = {
			isa = PBXVariantGroup;
			children = (
				102048EC1356430F00F1CF43 /* en */,
			);
			name = InfoPlist.strings;
			sourceTree = "<group>";
		};
		102048F41356430F00F1CF43 /* MainWindow.xib */ = {
			isa = PBXVariantGroup;
			children = (
				102048F51356430F00F1CF43 /* en */,
			);
			name = MainWindow.xib;
			sourceTree = "<group>";
		};
		108A6D8C1355264800B9AAC4 /* InfoPlist.strings */ = {
			isa = PBXVariantGroup;
			children = (
				108A6D8D1355264800B9AAC4 /* en */,
			);
			name = InfoPlist.strings;
			sourceTree = "<group>";
		};
		108A6D951355264800B9AAC4 /* MainWindow.xib */ = {
			isa = PBXVariantGroup;
			children = (
				108A6D961355264800B9AAC4 /* en */,
			);
			name = MainWindow.xib;
			sourceTree = "<group>";
		};
		10E8048113452B73001F253F /* InfoPlist.strings */ = {
			isa = PBXVariantGroup;
			children = (
				10E8048213452B73001F253F /* en */,
			);
			name = InfoPlist.strings;
			sourceTree = "<group>";
		};
/* End PBXVariantGroup section */

/* Begin XCBuildConfiguration section */
		102048F71356430F00F1CF43 /* Debug */ = {
			isa = XCBuildConfiguration;
			buildSettings = {
				ALWAYS_SEARCH_USER_PATHS = NO;
				"CODE_SIGN_IDENTITY[sdk=iphoneos*]" = "iPhone Developer";
				COPY_PHASE_STRIP = NO;
				GCC_DYNAMIC_NO_PIC = NO;
				GCC_PRECOMPILE_PREFIX_HEADER = YES;
				GCC_PREFIX_HEADER = "SKTableViewDataSourceAdvancedApp/SKTableViewDataSourceAdvancedApp-Prefix.pch";
				INFOPLIST_FILE = "SKTableViewDataSourceAdvancedApp/SKTableViewDataSourceAdvancedApp-Info.plist";
				PRODUCT_NAME = "$(TARGET_NAME)";
				WRAPPER_EXTENSION = app;
			};
			name = Debug;
		};
		102048F81356430F00F1CF43 /* Release */ = {
			isa = XCBuildConfiguration;
			buildSettings = {
				ALWAYS_SEARCH_USER_PATHS = NO;
				"CODE_SIGN_IDENTITY[sdk=iphoneos*]" = "iPhone Developer";
				COPY_PHASE_STRIP = YES;
				GCC_PRECOMPILE_PREFIX_HEADER = YES;
				GCC_PREFIX_HEADER = "SKTableViewDataSourceAdvancedApp/SKTableViewDataSourceAdvancedApp-Prefix.pch";
				INFOPLIST_FILE = "SKTableViewDataSourceAdvancedApp/SKTableViewDataSourceAdvancedApp-Info.plist";
				OTHER_CFLAGS = "-DNS_BLOCK_ASSERTIONS=1";
				PRODUCT_NAME = "$(TARGET_NAME)";
				VALIDATE_PRODUCT = YES;
				WRAPPER_EXTENSION = app;
			};
			name = Release;
		};
		108A6D981355264800B9AAC4 /* Debug */ = {
			isa = XCBuildConfiguration;
			buildSettings = {
				ALWAYS_SEARCH_USER_PATHS = NO;
				"CODE_SIGN_IDENTITY[sdk=iphoneos*]" = "iPhone Developer";
				COPY_PHASE_STRIP = NO;
				GCC_DYNAMIC_NO_PIC = NO;
				GCC_PRECOMPILE_PREFIX_HEADER = YES;
				GCC_PREFIX_HEADER = "SKTableViewDataSourceApp/SKTableViewDataSourceApp-Prefix.pch";
				INFOPLIST_FILE = "SKTableViewDataSourceApp/SKTableViewDataSourceApp-Info.plist";
				PRODUCT_NAME = "$(TARGET_NAME)";
				WRAPPER_EXTENSION = app;
			};
			name = Debug;
		};
		108A6D991355264800B9AAC4 /* Release */ = {
			isa = XCBuildConfiguration;
			buildSettings = {
				ALWAYS_SEARCH_USER_PATHS = NO;
				"CODE_SIGN_IDENTITY[sdk=iphoneos*]" = "iPhone Developer";
				COPY_PHASE_STRIP = YES;
				GCC_PRECOMPILE_PREFIX_HEADER = YES;
				GCC_PREFIX_HEADER = "SKTableViewDataSourceApp/SKTableViewDataSourceApp-Prefix.pch";
				INFOPLIST_FILE = "SKTableViewDataSourceApp/SKTableViewDataSourceApp-Info.plist";
				OTHER_CFLAGS = "-DNS_BLOCK_ASSERTIONS=1";
				PRODUCT_NAME = "$(TARGET_NAME)";
				VALIDATE_PRODUCT = YES;
				WRAPPER_EXTENSION = app;
			};
			name = Release;
		};
		10E8048913452B73001F253F /* Debug */ = {
			isa = XCBuildConfiguration;
			buildSettings = {
				ARCHS = "$(ARCHS_STANDARD_32_BIT)";
				GCC_C_LANGUAGE_STANDARD = gnu99;
				GCC_OPTIMIZATION_LEVEL = 0;
				GCC_PREPROCESSOR_DEFINITIONS = DEBUG;
				GCC_SYMBOLS_PRIVATE_EXTERN = NO;
				GCC_VERSION = com.apple.compilers.llvmgcc42;
				GCC_WARN_ABOUT_RETURN_TYPE = YES;
				GCC_WARN_UNUSED_VARIABLE = YES;
				IPHONEOS_DEPLOYMENT_TARGET = 4.3;
				SDKROOT = iphoneos;
			};
			name = Debug;
		};
		10E8048A13452B73001F253F /* Release */ = {
			isa = XCBuildConfiguration;
			buildSettings = {
				ARCHS = "$(ARCHS_STANDARD_32_BIT)";
				GCC_C_LANGUAGE_STANDARD = gnu99;
				GCC_VERSION = com.apple.compilers.llvmgcc42;
				GCC_WARN_ABOUT_RETURN_TYPE = YES;
				GCC_WARN_UNUSED_VARIABLE = YES;
				IPHONEOS_DEPLOYMENT_TARGET = 4.3;
				SDKROOT = iphoneos;
			};
			name = Release;
		};
		10E8048C13452B73001F253F /* Debug */ = {
			isa = XCBuildConfiguration;
			buildSettings = {
				ALWAYS_SEARCH_USER_PATHS = NO;
				DSTROOT = /tmp/SKTableViewDataSource.dst;
				GCC_PRECOMPILE_PREFIX_HEADER = YES;
				GCC_PREFIX_HEADER = "SKTableViewDataSource/SKTableViewDataSource-Prefix.pch";
				OTHER_LDFLAGS = "-ObjC";
				PRODUCT_NAME = "$(TARGET_NAME)";
			};
			name = Debug;
		};
		10E8048D13452B73001F253F /* Release */ = {
			isa = XCBuildConfiguration;
			buildSettings = {
				ALWAYS_SEARCH_USER_PATHS = NO;
				DSTROOT = /tmp/SKTableViewDataSource.dst;
				GCC_PRECOMPILE_PREFIX_HEADER = YES;
				GCC_PREFIX_HEADER = "SKTableViewDataSource/SKTableViewDataSource-Prefix.pch";
				OTHER_LDFLAGS = "-ObjC";
				PRODUCT_NAME = "$(TARGET_NAME)";
			};
			name = Release;
		};
		10E8048F13452B73001F253F /* Debug */ = {
			isa = XCBuildConfiguration;
			buildSettings = {
				ALWAYS_SEARCH_USER_PATHS = NO;
				FRAMEWORK_SEARCH_PATHS = (
					"$(SDKROOT)/Developer/Library/Frameworks",
					"$(DEVELOPER_LIBRARY_DIR)/Frameworks",
				);
				GCC_PRECOMPILE_PREFIX_HEADER = YES;
				GCC_PREFIX_HEADER = "SKTableViewDataSourceTests/SKTableViewDataSourceTests-Prefix.pch";
				INFOPLIST_FILE = "SKTableViewDataSourceTests/SKTableViewDataSourceTests-Info.plist";
				OTHER_LDFLAGS = (
					"-framework",
					SenTestingKit,
				);
				PRODUCT_NAME = "$(TARGET_NAME)";
				WRAPPER_EXTENSION = octest;
			};
			name = Debug;
		};
		10E8049013452B73001F253F /* Release */ = {
			isa = XCBuildConfiguration;
			buildSettings = {
				ALWAYS_SEARCH_USER_PATHS = NO;
				FRAMEWORK_SEARCH_PATHS = (
					"$(SDKROOT)/Developer/Library/Frameworks",
					"$(DEVELOPER_LIBRARY_DIR)/Frameworks",
				);
				GCC_PRECOMPILE_PREFIX_HEADER = YES;
				GCC_PREFIX_HEADER = "SKTableViewDataSourceTests/SKTableViewDataSourceTests-Prefix.pch";
				INFOPLIST_FILE = "SKTableViewDataSourceTests/SKTableViewDataSourceTests-Info.plist";
				OTHER_LDFLAGS = (
					"-framework",
					SenTestingKit,
				);
				PRODUCT_NAME = "$(TARGET_NAME)";
				WRAPPER_EXTENSION = octest;
			};
			name = Release;
		};
/* End XCBuildConfiguration section */

/* Begin XCConfigurationList section */
		102048F91356430F00F1CF43 /* Build configuration list for PBXNativeTarget "SKTableViewDataSourceAdvancedApp" */ = {
			isa = XCConfigurationList;
			buildConfigurations = (
				102048F71356430F00F1CF43 /* Debug */,
				102048F81356430F00F1CF43 /* Release */,
			);
			defaultConfigurationIsVisible = 0;
			defaultConfigurationName = Release;
		};
		108A6D9A1355264800B9AAC4 /* Build configuration list for PBXNativeTarget "SKTableViewDataSourceApp" */ = {
			isa = XCConfigurationList;
			buildConfigurations = (
				108A6D981355264800B9AAC4 /* Debug */,
				108A6D991355264800B9AAC4 /* Release */,
			);
			defaultConfigurationIsVisible = 0;
			defaultConfigurationName = Release;
		};
		10E8046213452B73001F253F /* Build configuration list for PBXProject "SKTableViewDataSource" */ = {
			isa = XCConfigurationList;
			buildConfigurations = (
				10E8048913452B73001F253F /* Debug */,
				10E8048A13452B73001F253F /* Release */,
			);
			defaultConfigurationIsVisible = 0;
			defaultConfigurationName = Release;
		};
		10E8048B13452B73001F253F /* Build configuration list for PBXNativeTarget "SKTableViewDataSource" */ = {
			isa = XCConfigurationList;
			buildConfigurations = (
				10E8048C13452B73001F253F /* Debug */,
				10E8048D13452B73001F253F /* Release */,
			);
			defaultConfigurationIsVisible = 0;
			defaultConfigurationName = Release;
		};
		10E8048E13452B73001F253F /* Build configuration list for PBXNativeTarget "SKTableViewDataSourceTests" */ = {
			isa = XCConfigurationList;
			buildConfigurations = (
				10E8048F13452B73001F253F /* Debug */,
				10E8049013452B73001F253F /* Release */,
			);
			defaultConfigurationIsVisible = 0;
			defaultConfigurationName = Release;
		};
/* End XCConfigurationList section */
	};
	rootObject = 10E8045F13452B73001F253F /* Project object */;
}
